
Microsoft Visual Studio Solution File, Format Version 12.00
# Visual Studio Version 16
VisualStudioVersion = 16.0.31702.278
MinimumVisualStudioVersion = 10.0.40219.1
Project("{FAE04EC0-301F-11D3-BF4B-00C04F79EFBC}") = "GesTienda", "WebApplication1\GesTienda.csproj", "{6AF648AA-A659-422F-8288-1D7AD3D6251B}"
EndProject
Global
	GlobalSection(SolutionConfigurationPlatforms) = preSolution
		Debug|Any CPU = Debug|Any CPU
		Release|Any CPU = Release|Any CPU
	EndGlobalSection
	GlobalSection(ProjectConfigurationPlatforms) = postSolution
		{6AF648AA-A659-422F-8288-1D7AD3D6251B}.Debug|Any CPU.ActiveCfg = Debug|Any CPU
		{6AF648AA-A659-422F-8288-1D7AD3D6251B}.Debug|Any CPU.Build.0 = Debug|Any CPU
		{6AF648AA-A659-422F-8288-1D7AD3D6251B}.Release|Any CPU.ActiveCfg = Release|Any CPU
		{6AF648AA-A659-422F-8288-1D7AD3D6251B}.Release|Any CPU.Build.0 = Release|Any CPU
	EndGlobalSection
	GlobalSection(SolutionProperties) = preSolution
		HideSolutionNode = FALSE
	EndGlobalSection
	GlobalSection(ExtensibilityGlobals) = postSolution
		SolutionGuid = {7A80E5B4-B22A-4467-97DB-6885808E7356}
	EndGlobalSection
EndGlobal
